lockfileVersion: '6.0'

settings:
  autoInstallPeers: true
  excludeLinksFromLockfile: false

dependencies:
  '@types/react':
    specifier: '>=16.0.0'
    version: 16.9.23
  react:
    specifier: '>=16.0.0'
    version: 16.13.0
  xstream:
    specifier: '>=11'
    version: 11.11.0

devDependencies:
  '@types/node':
    specifier: ^8.0.30
    version: 8.10.59
  react-test-renderer:
    specifier: ^16.0.0
    version: 16.13.0(react@16.13.0)
  tape:
    specifier: ^4.8.0
    version: 4.13.2
  typescript:
    specifier: 3.2.x
    version: 3.2.4

packages:

  /@types/node@8.10.59:
    resolution: {integrity: sha512-8RkBivJrDCyPpBXhVZcjh7cQxVBSmRk9QM7hOketZzp6Tg79c0N8kkpAIito9bnJ3HCVCHVYz+KHTEbfQNfeVQ==}
    dev: true

  /@types/prop-types@15.7.3:
    resolution: {integrity: sha512-KfRL3PuHmqQLOG+2tGpRO26Ctg+Cq1E01D2DMriKEATHgWLfeNDmq9e29Q9WIky0dQ3NPkd1mzYH8Lm936Z9qw==}
    dev: false

  /@types/react@16.9.23:
    resolution: {integrity: sha512-SsGVT4E7L2wLN3tPYLiF20hmZTPGuzaayVunfgXzUn1x4uHVsKH6QDJQ/TdpHqwsTLd4CwrmQ2vOgxN7gE24gw==}
    dependencies:
      '@types/prop-types': 15.7.3
      csstype: 2.6.9
    dev: false

  /balanced-match@1.0.0:
    resolution: {integrity: sha1-ibTRmasr7kneFk6gK4nORi1xt2c=}
    dev: true

  /brace-expansion@1.1.11:
    resolution: {integrity: sha512-iCuPHDFgrHX7H2vEI/5xpz07zSHB00TpugqhmYtVmMO6518mCuRMoOYFldEBl0g187ufozdaHgWKcYFb61qGiA==}
    dependencies:
      balanced-match: 1.0.0
      concat-map: 0.0.1
    dev: true

  /concat-map@0.0.1:
    resolution: {integrity: sha1-2Klr13/Wjfd5OnMDajug1UBdR3s=}
    dev: true

  /csstype@2.6.9:
    resolution: {integrity: sha512-xz39Sb4+OaTsULgUERcCk+TJj8ylkL4aSVDQiX/ksxbELSqwkgt4d4RD7fovIdgJGSuNYqwZEiVjYY5l0ask+Q==}
    dev: false

  /deep-equal@1.1.1:
    resolution: {integrity: sha512-yd9c5AdiqVcR+JjcwUQb9DkhJc8ngNr0MahEBGvDiJw8puWab2yZlh+nkasOnZP+EGTAP6rRp2JzJhJZzvNF8g==}
    dependencies:
      is-arguments: 1.0.4
      is-date-object: 1.0.2
      is-regex: 1.0.5
      object-is: 1.0.2
      object-keys: 1.1.1
      regexp.prototype.flags: 1.3.0
    dev: true

  /define-properties@1.1.3:
    resolution: {integrity: sha512-3MqfYKj2lLzdMSf8ZIZE/V+Zuy+BgD6f164e8K2w7dgnpKArBDerGYpM46IYYcjnkdPNMjPk9A6VFB8+3SKlXQ==}
    engines: {node: '>= 0.4'}
    dependencies:
      object-keys: 1.1.1
    dev: true

  /defined@1.0.0:
    resolution: {integrity: sha1-yY2bzvdWdBiOEQlpFRGZ45sfppM=}
    dev: true

  /dotignore@0.1.2:
    resolution: {integrity: sha512-UGGGWfSauusaVJC+8fgV+NVvBXkCTmVv7sk6nojDZZvuOUNGUy0Zk4UpHQD6EDjS0jpBwcACvH4eofvyzBcRDw==}
    hasBin: true
    dependencies:
      minimatch: 3.0.4
    dev: true

  /es-abstract@1.17.4:
    resolution: {integrity: sha512-Ae3um/gb8F0mui/jPL+QiqmglkUsaQf7FwBEHYIFkztkneosu9imhqHpBzQ3h1vit8t5iQ74t6PEVvphBZiuiQ==}
    engines: {node: '>= 0.4'}
    dependencies:
      es-to-primitive: 1.2.1
      function-bind: 1.1.1
      has: 1.0.3
      has-symbols: 1.0.1
      is-callable: 1.1.5
      is-regex: 1.0.5
      object-inspect: 1.7.0
      object-keys: 1.1.1
      object.assign: 4.1.0
      string.prototype.trimleft: 2.1.1
      string.prototype.trimright: 2.1.1
    dev: true

  /es-to-primitive@1.2.1:
    resolution: {integrity: sha512-QCOllgZJtaUo9miYBcLChTUaHNjJF3PYs1VidD7AwiEj1kYxKeQTctLAezAOH5ZKRH0g2IgPn6KwB4IT8iRpvA==}
    engines: {node: '>= 0.4'}
    dependencies:
      is-callable: 1.1.5
      is-date-object: 1.0.2
      is-symbol: 1.0.3
    dev: true

  /for-each@0.3.3:
    resolution: {integrity: sha512-jqYfLp7mo9vIyQf8ykW2v7A+2N4QjeCeI5+Dz9XraiO1ign81wjiH7Fb9vSOWvQfNtmSa4H2RoQTrrXivdUZmw==}
    dependencies:
      is-callable: 1.1.5
    dev: true

  /fs.realpath@1.0.0:
    resolution: {integrity: sha1-FQStJSMVjKpA20onh8sBQRmU6k8=}
    dev: true

  /function-bind@1.1.1:
    resolution: {integrity: sha512-yIovAzMX49sF8Yl58fSCWJ5svSLuaibPxXQJFLmBObTuCr0Mf1KiPopGM9NiFjiYBCbfaa2Fh6breQ6ANVTI0A==}
    dev: true

  /glob@7.1.6:
    resolution: {integrity: sha512-LwaxwyZ72Lk7vZINtNNrywX0ZuLyStrdDtabefZKAY5ZGJhVtgdznluResxNmPitE0SAO+O26sWTHeKSI2wMBA==}
    dependencies:
      fs.realpath: 1.0.0
      inflight: 1.0.6
      inherits: 2.0.4
      minimatch: 3.0.4
      once: 1.4.0
      path-is-absolute: 1.0.1
    dev: true

  /has-symbols@1.0.1:
    resolution: {integrity: sha512-PLcsoqu++dmEIZB+6totNFKq/7Do+Z0u4oT0zKOJNl3lYK6vGwwu2hjHs+68OEZbTjiUE9bgOABXbP/GvrS0Kg==}
    engines: {node: '>= 0.4'}
    dev: true

  /has@1.0.3:
    resolution: {integrity: sha512-f2dvO0VU6Oej7RkWJGrehjbzMAjFp5/VKPp5tTpWIV4JHHZK1/BxbFRtf/siA2SWTe09caDmVtYYzWEIbBS4zw==}
    engines: {node: '>= 0.4.0'}
    dependencies:
      function-bind: 1.1.1
    dev: true

  /inflight@1.0.6:
    resolution: {integrity: sha1-Sb1jMdfQLQwJvJEKEHW6gWW1bfk=}
    dependencies:
      once: 1.4.0
      wrappy: 1.0.2
    dev: true

  /inherits@2.0.4:
    resolution: {integrity: sha512-k/vGaX4/Yla3WzyMCvTQOXYeIHvqOKtnqBduzTHpzpQZzAskKMhZ2K+EnBiSM9zGSoIFeMpXKxa4dYeZIQqewQ==}
    dev: true

  /is-arguments@1.0.4:
    resolution: {integrity: sha512-xPh0Rmt8NE65sNzvyUmWgI1tz3mKq74lGA0mL8LYZcoIzKOzDh6HmrYm3d18k60nHerC8A9Km8kYu87zfSFnLA==}
    engines: {node: '>= 0.4'}
    dev: true

  /is-callable@1.1.5:
    resolution: {integrity: sha512-ESKv5sMCJB2jnHTWZ3O5itG+O128Hsus4K4Qh1h2/cgn2vbgnLSVqfV46AeJA9D5EeeLa9w81KUXMtn34zhX+Q==}
    engines: {node: '>= 0.4'}
    dev: true

  /is-date-object@1.0.2:
    resolution: {integrity: sha512-USlDT524woQ08aoZFzh3/Z6ch9Y/EWXEHQ/AaRN0SkKq4t2Jw2R2339tSXmwuVoY7LLlBCbOIlx2myP/L5zk0g==}
    engines: {node: '>= 0.4'}
    dev: true

  /is-regex@1.0.5:
    resolution: {integrity: sha512-vlKW17SNq44owv5AQR3Cq0bQPEb8+kF3UKZ2fiZNOWtztYE5i0CzCZxFDwO58qAOWtxdBRVO/V5Qin1wjCqFYQ==}
    engines: {node: '>= 0.4'}
    dependencies:
      has: 1.0.3
    dev: true

  /is-symbol@1.0.3:
    resolution: {integrity: sha512-OwijhaRSgqvhm/0ZdAcXNZt9lYdKFpcRDT5ULUuYXPoT794UNOdU+gpT6Rzo7b4V2HUl/op6GqY894AZwv9faQ==}
    engines: {node: '>= 0.4'}
    dependencies:
      has-symbols: 1.0.1
    dev: true

  /js-tokens@4.0.0:
    resolution: {integrity: sha512-RdJUflcE3cUzKiMqQgsCu06FPu9UdIJO0beYbPhHN4k6apgJtifcoCtT9bcxOpYBtpD2kCM6Sbzg4CausW/PKQ==}

  /loose-envify@1.4.0:
    resolution: {integrity: sha512-lyuxPGr/Wfhrlem2CL/UcnUc1zcqKAImBDzukY7Y5F/yQiNdko6+fRLevlw1HgMySw7f611UIY408EtxRSoK3Q==}
    hasBin: true
    dependencies:
      js-tokens: 4.0.0

  /minimatch@3.0.4:
    resolution: {integrity: sha512-yJHVQEhyqPLUTgt9B83PXu6W3rx4MvvHvSUvToogpwoGDOUQ+yDrR0HRot+yOCdCO7u4hX3pWft6kWBBcqh0UA==}
    dependencies:
      brace-expansion: 1.1.11
    dev: true

  /minimist@1.2.8:
    resolution: {integrity: sha512-2yyAR8qBkN3YuheJanUpWC5U3bb5osDywNB8RzDVlDwDHbocAJveqqj1u8+SVD7jkWT4yvsHCpWqqWqAxb0zCA==}
    dev: true

  /object-assign@4.1.1:
    resolution: {integrity: sha1-IQmtx5ZYh8/AXLvUQsrIv7s2CGM=}
    engines: {node: '>=0.10.0'}

  /object-inspect@1.7.0:
    resolution: {integrity: sha512-a7pEHdh1xKIAgTySUGgLMx/xwDZskN1Ud6egYYN3EdRW4ZMPNEDUTF+hwy2LUC+Bl+SyLXANnwz/jyh/qutKUw==}
    dev: true

  /object-is@1.0.2:
    resolution: {integrity: sha512-Epah+btZd5wrrfjkJZq1AOB9O6OxUQto45hzFd7lXGrpHPGE0W1k+426yrZV+k6NJOzLNNW/nVsmZdIWsAqoOQ==}
    engines: {node: '>= 0.4'}
    dev: true

  /object-keys@1.1.1:
    resolution: {integrity: sha512-NuAESUOUMrlIXOfHKzD6bpPu3tYt3xvjNdRIQ+FeT0lNb4K8WR70CaDxhuNguS2XG+GjkyMwOzsN5ZktImfhLA==}
    engines: {node: '>= 0.4'}
    dev: true

  /object.assign@4.1.0:
    resolution: {integrity: sha512-exHJeq6kBKj58mqGyTQ9DFvrZC/eR6OwxzoM9YRoGBqrXYonaFyGiFMuc9VZrXf7DarreEwMpurG3dd+CNyW5w==}
    engines: {node: '>= 0.4'}
    dependencies:
      define-properties: 1.1.3
      function-bind: 1.1.1
      has-symbols: 1.0.1
      object-keys: 1.1.1
    dev: true

  /once@1.4.0:
    resolution: {integrity: sha1-WDsap3WWHUsROsF9nFC6753Xa9E=}
    dependencies:
      wrappy: 1.0.2
    dev: true

  /path-is-absolute@1.0.1:
    resolution: {integrity: sha1-F0uSaHNVNP+8es5r9TpanhtcX18=}
    engines: {node: '>=0.10.0'}
    dev: true

  /path-parse@1.0.6:
    resolution: {integrity: sha512-GSmOT2EbHrINBf9SR7CDELwlJ8AENk3Qn7OikK4nFYAu3Ote2+JYNVvkpAEQm3/TLNEJFD/xZJjzyxg3KBWOzw==}
    dev: true

  /prop-types@15.7.2:
    resolution: {integrity: sha512-8QQikdH7//R2vurIJSutZ1smHYTcLpRWEOlHnzcWHmBYrOGUysKwSsrC89BCiFj3CbrfJ/nXFdJepOVrY1GCHQ==}
    dependencies:
      loose-envify: 1.4.0
      object-assign: 4.1.1
      react-is: 16.13.0

  /react-is@16.13.0:
    resolution: {integrity: sha512-GFMtL0vHkiBv9HluwNZTggSn/sCyEt9n02aM0dSAjGGyqyNlAyftYm4phPxdvCigG15JreC5biwxCgTAJZ7yAA==}

  /react-test-renderer@16.13.0(react@16.13.0):
    resolution: {integrity: sha512-NQ2S9gdMUa7rgPGpKGyMcwl1d6D9MCF0lftdI3kts6kkiX+qvpC955jNjAZXlIDTjnN9jwFI8A8XhRh/9v0spA==}
    peerDependencies:
      react: ^16.0.0
    dependencies:
      object-assign: 4.1.1
      prop-types: 15.7.2
      react: 16.13.0
      react-is: 16.13.0
      scheduler: 0.19.0
    dev: true

  /react@16.13.0:
    resolution: {integrity: sha512-TSavZz2iSLkq5/oiE7gnFzmURKZMltmi193rm5HEoUDAXpzT9Kzw6oNZnGoai/4+fUnm7FqS5dwgUL34TujcWQ==}
    engines: {node: '>=0.10.0'}
    dependencies:
      loose-envify: 1.4.0
      object-assign: 4.1.1
      prop-types: 15.7.2

  /regexp.prototype.flags@1.3.0:
    resolution: {integrity: sha512-2+Q0C5g951OlYlJz6yu5/M33IcsESLlLfsyIaLJaG4FA2r4yP8MvVMJUUP/fVBkSpbbbZlS5gynbEWLipiiXiQ==}
    engines: {node: '>= 0.4'}
    dependencies:
      define-properties: 1.1.3
      es-abstract: 1.17.4
    dev: true

  /resolve@1.15.1:
    resolution: {integrity: sha512-84oo6ZTtoTUpjgNEr5SJyzQhzL72gaRodsSfyxC/AXRvwu0Yse9H8eF9IpGo7b8YetZhlI6v7ZQ6bKBFV/6S7w==}
    dependencies:
      path-parse: 1.0.6
    dev: true

  /resumer@0.0.0:
    resolution: {integrity: sha1-8ej0YeQGS6Oegq883CqMiT0HZ1k=}
    dependencies:
      through: 2.3.8
    dev: true

  /scheduler@0.19.0:
    resolution: {integrity: sha512-xowbVaTPe9r7y7RUejcK73/j8tt2jfiyTednOvHbA8JoClvMYCp+r8QegLwK/n8zWQAtZb1fFnER4XLBZXrCxA==}
    dependencies:
      loose-envify: 1.4.0
      object-assign: 4.1.1
    dev: true

  /string.prototype.trim@1.2.1:
    resolution: {integrity: sha512-MjGFEeqixw47dAMFMtgUro/I0+wNqZB5GKXGt1fFr24u3TzDXCPu7J9Buppzoe3r/LqkSDLDDJzE15RGWDGAVw==}
    engines: {node: '>= 0.4'}
    dependencies:
      define-properties: 1.1.3
      es-abstract: 1.17.4
      function-bind: 1.1.1
    dev: true

  /string.prototype.trimleft@2.1.1:
    resolution: {integrity: sha512-iu2AGd3PuP5Rp7x2kEZCrB2Nf41ehzh+goo8TV7z8/XDBbsvc6HQIlUl9RjkZ4oyrW1XM5UwlGl1oVEaDjg6Ag==}
    engines: {node: '>= 0.4'}
    dependencies:
      define-properties: 1.1.3
      function-bind: 1.1.1
    dev: true

  /string.prototype.trimright@2.1.1:
    resolution: {integrity: sha512-qFvWL3/+QIgZXVmJBfpHmxLB7xsUXz6HsUmP8+5dRaC3Q7oKUv9Vo6aMCRZC1smrtyECFsIT30PqBJ1gTjAs+g==}
    engines: {node: '>= 0.4'}
    dependencies:
      define-properties: 1.1.3
      function-bind: 1.1.1
    dev: true

  /symbol-observable@1.2.0:
    resolution: {integrity: sha512-e900nM8RRtGhlV36KGEU9k65K3mPb1WV70OdjfxlG2EAuM1noi/E/BaW/uMhL7bPEssK8QV57vN3esixjUvcXQ==}
    engines: {node: '>=0.10.0'}
    dev: false

  /tape@4.13.2:
    resolution: {integrity: sha512-waWwC/OqYVE9TS6r1IynlP2sEdk4Lfo6jazlgkuNkPTHIbuG2BTABIaKdlQWwPeB6Oo4ksZ1j33Yt0NTOAlYMQ==}
    hasBin: true
    dependencies:
      deep-equal: 1.1.1
      defined: 1.0.0
      dotignore: 0.1.2
      for-each: 0.3.3
      function-bind: 1.1.1
      glob: 7.1.6
      has: 1.0.3
      inherits: 2.0.4
      is-regex: 1.0.5
      minimist: 1.2.8
      object-inspect: 1.7.0
      resolve: 1.15.1
      resumer: 0.0.0
      string.prototype.trim: 1.2.1
      through: 2.3.8
    dev: true

  /through@2.3.8:
    resolution: {integrity: sha1-DdTJ/6q8NXlgsbckEV1+Doai4fU=}
    dev: true

  /typescript@3.2.4:
    resolution: {integrity: sha512-0RNDbSdEokBeEAkgNbxJ+BLwSManFy9TeXz8uW+48j/xhEXv1ePME60olyzw2XzUqUBNAYFeJadIqAgNqIACwg==}
    engines: {node: '>=4.2.0'}
    hasBin: true
    dev: true

  /wrappy@1.0.2:
    resolution: {integrity: sha1-tSQ9jz7BqjXxNkYFvA0QNuMKtp8=}
    dev: true

  /xstream@11.11.0:
    resolution: {integrity: sha512-0zF3PLsHrmbToPBgX1jYZFNw+t5octSFJgVRH44HGlGBBjY7gscvDQOZvty8IQV15Snia1RcLPECWDfEaE4aXg==}
    dependencies:
      symbol-observable: 1.2.0
    dev: false
